schema: '2.0'
stages:
  data_ingestion:
    cmd: python src/data/data_ingestion.py
    deps:
    - path: src/data/data_ingestion.py
      hash: md5
      md5: caaf549d488798bd2084e75336efb97f
      size: 4219
    params:
      params.yaml:
        data_ingestion.test_size: 0.21
    outs:
    - path: data/raw
      hash: md5
      md5: 6d95ca02b07d15c73f39182f709a2766.dir
      size: 6882906
      nfiles: 2
  data_preprocessing:
    cmd: python src/data/data_preprocessing.py
    deps:
    - path: data/raw/test.csv
      hash: md5
      md5: cbda527b712a5a62cbb0417d1cfe85b5
      size: 1397181
    - path: data/raw/train.csv
      hash: md5
      md5: 7f2ff3a833bf91d121c068f83a1b2085
      size: 5485725
    - path: src/data/data_preprocessing.py
      hash: md5
      md5: 65f0f458c46b22fccf884c2d2b39012d
      size: 3749
    outs:
    - path: data/interim
      hash: md5
      md5: 64078777c4791df1db0b0430587d81a0.dir
      size: 5095933
      nfiles: 2
  model_building:
    cmd: python src/model/model_building.py
    deps:
    - path: data/interim/train_processed.csv
      hash: md5
      md5: 67423fc9d8e72fe10e961726dde2dfef
      size: 4061179
    - path: src/model/model_building.py
      hash: md5
      md5: 9a4cc00245a10b734ccedce855755f8c
      size: 5504
    params:
      params.yaml:
        model_building.learning_rate: 0.08
        model_building.max_depth: 20
        model_building.max_features: 10000
        model_building.n_estimators: 367
        model_building.ngram_range:
        - 1
        - 3
    outs:
    - path: lgbm_model.pkl
      hash: md5
      md5: c33bbff368dc6c1799e8d8d3cb2e8b5b
      size: 4108352
    - path: tfidf_vectorizer.pkl
      hash: md5
      md5: 67616b2e427989b8e200d847c3c75087
      size: 384168
  model_evaluation:
    cmd: python src/model/model_evaluation.py
    deps:
    - path: data/interim/test_processed.csv
      hash: md5
      md5: f8911675239ff3ea22fe20df045b3e95
      size: 1034754
    - path: data/interim/train_processed.csv
      hash: md5
      md5: 67423fc9d8e72fe10e961726dde2dfef
      size: 4061179
    - path: lgbm_model.pkl
      hash: md5
      md5: c33bbff368dc6c1799e8d8d3cb2e8b5b
      size: 4108352
    - path: src/model/model_evaluation.py
      hash: md5
      md5: b57a2daf31b57c11fa0ef7f51b381f2d
      size: 6659
    - path: tfidf_vectorizer.pkl
      hash: md5
      md5: 67616b2e427989b8e200d847c3c75087
      size: 384168
    outs:
    - path: experiment_info.json
      hash: md5
      md5: fb286479c99227f4c6a01f1f7db0849b
      size: 84
  model_registration:
    cmd: python src/model/register_model.py
    deps:
    - path: experiment_info.json
      hash: md5
      md5: fb286479c99227f4c6a01f1f7db0849b
      size: 84
    - path: src/model/register_model.py
      hash: md5
      md5: 40bfb45d4837fbfb516dc3f15ff0c3df
      size: 2404
